
Microsoft Visual Studio Solution File, Format Version 12.00
# Visual Studio 14
VisualStudioVersion = 14.0.23107.0
MinimumVisualStudioVersion = 10.0.40219.1
Project("{FAE04EC0-301F-11D3-BF4B-00C04F79EFBC}") = "MVC.WebUI", "MVC.WebUI\MVC.WebUI.csproj", "{7B97D4E8-9AEC-4795-8360-2FD1B6A1F725}"
	ProjectSection(ProjectDependencies) = postProject
		{FFEC4F14-A2C1-4A7E-9118-6234F96E629F} = {FFEC4F14-A2C1-4A7E-9118-6234F96E629F}
		{C8FCDE48-38BB-44AB-B07A-656DC5ECE46F} = {C8FCDE48-38BB-44AB-B07A-656DC5ECE46F}
	EndProjectSection
EndProject
Project("{FAE04EC0-301F-11D3-BF4B-00C04F79EFBC}") = "MVC.Core", "MVC.Core\MVC.Core.csproj", "{FFEC4F14-A2C1-4A7E-9118-6234F96E629F}"
EndProject
Project("{FAE04EC0-301F-11D3-BF4B-00C04F79EFBC}") = "MVC.Services", "MVC.Services\MVC.Services.csproj", "{C8FCDE48-38BB-44AB-B07A-656DC5ECE46F}"
	ProjectSection(ProjectDependencies) = postProject
		{ABDE2804-FA69-4A8E-8518-D2917AF913F4} = {ABDE2804-FA69-4A8E-8518-D2917AF913F4}
		{FFEC4F14-A2C1-4A7E-9118-6234F96E629F} = {FFEC4F14-A2C1-4A7E-9118-6234F96E629F}
	EndProjectSection
EndProject
Project("{FAE04EC0-301F-11D3-BF4B-00C04F79EFBC}") = "MVC.Services.Tests", "MVC.Services.Tests\MVC.Services.Tests.csproj", "{DCFA6186-2CF0-4B28-9071-D5D749DAE309}"
	ProjectSection(ProjectDependencies) = postProject
		{FFEC4F14-A2C1-4A7E-9118-6234F96E629F} = {FFEC4F14-A2C1-4A7E-9118-6234F96E629F}
		{C8FCDE48-38BB-44AB-B07A-656DC5ECE46F} = {C8FCDE48-38BB-44AB-B07A-656DC5ECE46F}
	EndProjectSection
EndProject
Project("{FAE04EC0-301F-11D3-BF4B-00C04F79EFBC}") = "ClassLibraryOLD", "ClassLibrary\ClassLibraryOLD.csproj", "{ABDE2804-FA69-4A8E-8518-D2917AF913F4}"
EndProject
Project("{FAE04EC0-301F-11D3-BF4B-00C04F79EFBC}") = "MVC.Core.Tests", "MVC.Core.Tests\MVC.Core.Tests.csproj", "{F159D2D6-7F38-415B-A29A-6D366B58BE56}"
EndProject
Project("{FAE04EC0-301F-11D3-BF4B-00C04F79EFBC}") = "MVC.WebUI.Tests", "MVC.WebUI.Tests\MVC.WebUI.Tests.csproj", "{487FC379-FF70-458B-9414-FC32857CE3FB}"
EndProject
Project("{FAE04EC0-301F-11D3-BF4B-00C04F79EFBC}") = "ClassLibrary", "..\..\..\..\Dropbox\Websites\ClassLibrary\ClassLibrary\ClassLibrary.csproj", "{BA423F36-50F0-4B17-9903-BF592996E7C7}"
EndProject
Global
	GlobalSection(SolutionConfigurationPlatforms) = preSolution
		Debug|Any CPU = Debug|Any CPU
		Release|Any CPU = Release|Any CPU
	EndGlobalSection
	GlobalSection(ProjectConfigurationPlatforms) = postSolution
		{7B97D4E8-9AEC-4795-8360-2FD1B6A1F725}.Debug|Any CPU.ActiveCfg = Debug|Any CPU
		{7B97D4E8-9AEC-4795-8360-2FD1B6A1F725}.Debug|Any CPU.Build.0 = Debug|Any CPU
		{7B97D4E8-9AEC-4795-8360-2FD1B6A1F725}.Release|Any CPU.ActiveCfg = Release|Any CPU
		{7B97D4E8-9AEC-4795-8360-2FD1B6A1F725}.Release|Any CPU.Build.0 = Release|Any CPU
		{FFEC4F14-A2C1-4A7E-9118-6234F96E629F}.Debug|Any CPU.ActiveCfg = Debug|Any CPU
		{FFEC4F14-A2C1-4A7E-9118-6234F96E629F}.Debug|Any CPU.Build.0 = Debug|Any CPU
		{FFEC4F14-A2C1-4A7E-9118-6234F96E629F}.Release|Any CPU.ActiveCfg = Release|Any CPU
		{FFEC4F14-A2C1-4A7E-9118-6234F96E629F}.Release|Any CPU.Build.0 = Release|Any CPU
		{C8FCDE48-38BB-44AB-B07A-656DC5ECE46F}.Debug|Any CPU.ActiveCfg = Debug|Any CPU
		{C8FCDE48-38BB-44AB-B07A-656DC5ECE46F}.Debug|Any CPU.Build.0 = Debug|Any CPU
		{C8FCDE48-38BB-44AB-B07A-656DC5ECE46F}.Release|Any CPU.ActiveCfg = Release|Any CPU
		{C8FCDE48-38BB-44AB-B07A-656DC5ECE46F}.Release|Any CPU.Build.0 = Release|Any CPU
		{DCFA6186-2CF0-4B28-9071-D5D749DAE309}.Debug|Any CPU.ActiveCfg = Debug|Any CPU
		{DCFA6186-2CF0-4B28-9071-D5D749DAE309}.Debug|Any CPU.Build.0 = Debug|Any CPU
		{DCFA6186-2CF0-4B28-9071-D5D749DAE309}.Release|Any CPU.ActiveCfg = Release|Any CPU
		{DCFA6186-2CF0-4B28-9071-D5D749DAE309}.Release|Any CPU.Build.0 = Release|Any CPU
		{ABDE2804-FA69-4A8E-8518-D2917AF913F4}.Debug|Any CPU.ActiveCfg = Debug|Any CPU
		{ABDE2804-FA69-4A8E-8518-D2917AF913F4}.Debug|Any CPU.Build.0 = Debug|Any CPU
		{ABDE2804-FA69-4A8E-8518-D2917AF913F4}.Release|Any CPU.ActiveCfg = Release|Any CPU
		{ABDE2804-FA69-4A8E-8518-D2917AF913F4}.Release|Any CPU.Build.0 = Release|Any CPU
		{F159D2D6-7F38-415B-A29A-6D366B58BE56}.Debug|Any CPU.ActiveCfg = Debug|Any CPU
		{F159D2D6-7F38-415B-A29A-6D366B58BE56}.Debug|Any CPU.Build.0 = Debug|Any CPU
		{F159D2D6-7F38-415B-A29A-6D366B58BE56}.Release|Any CPU.ActiveCfg = Release|Any CPU
		{F159D2D6-7F38-415B-A29A-6D366B58BE56}.Release|Any CPU.Build.0 = Release|Any CPU
		{487FC379-FF70-458B-9414-FC32857CE3FB}.Debug|Any CPU.ActiveCfg = Debug|Any CPU
		{487FC379-FF70-458B-9414-FC32857CE3FB}.Debug|Any CPU.Build.0 = Debug|Any CPU
		{487FC379-FF70-458B-9414-FC32857CE3FB}.Release|Any CPU.ActiveCfg = Release|Any CPU
		{487FC379-FF70-458B-9414-FC32857CE3FB}.Release|Any CPU.Build.0 = Release|Any CPU
		{BA423F36-50F0-4B17-9903-BF592996E7C7}.Debug|Any CPU.ActiveCfg = Debug|Any CPU
		{BA423F36-50F0-4B17-9903-BF592996E7C7}.Debug|Any CPU.Build.0 = Debug|Any CPU
		{BA423F36-50F0-4B17-9903-BF592996E7C7}.Release|Any CPU.ActiveCfg = Release|Any CPU
		{BA423F36-50F0-4B17-9903-BF592996E7C7}.Release|Any CPU.Build.0 = Release|Any CPU
	EndGlobalSection
	GlobalSection(SolutionProperties) = preSolution
		HideSolutionNode = FALSE
	EndGlobalSection
EndGlobal
